// !$*UTF8*$!
{
	archiveVersion = 1;
	classes = {
	};
	objectVersion = 50;
	objects = {

/* Begin PBXBuildFile section */
		7607EA48227B49F000AA36E0 /* Product.swift in Sources */ = {isa = PBXBuildFile; fileRef = 7607EA47227B49F000AA36E0 /* Product.swift */; };
		7607EA4A227B49FF00AA36E0 /* ProductSize.swift in Sources */ = {isa = PBXBuildFile; fileRef = 7607EA49227B49FF00AA36E0 /* ProductSize.swift */; };
		7607EA4C227B4A0A00AA36E0 /* ProductsAPI.swift in Sources */ = {isa = PBXBuildFile; fileRef = 7607EA4B227B4A0A00AA36E0 /* ProductsAPI.swift */; };
		7607EA4E227B4A2000AA36E0 /* ShowcasePresenter.swift in Sources */ = {isa = PBXBuildFile; fileRef = 7607EA4D227B4A2000AA36E0 /* ShowcasePresenter.swift */; };
		7607EA50227B4A7300AA36E0 /* ShoppingCartPresenter.swift in Sources */ = {isa = PBXBuildFile; fileRef = 7607EA4F227B4A7300AA36E0 /* ShoppingCartPresenter.swift */; };
		7607EA52227B4A7F00AA36E0 /* ProductDetailPresenter.swift in Sources */ = {isa = PBXBuildFile; fileRef = 7607EA51227B4A7F00AA36E0 /* ProductDetailPresenter.swift */; };
		7607EA54227B4A9C00AA36E0 /* ShoppingCart.swift in Sources */ = {isa = PBXBuildFile; fileRef = 7607EA53227B4A9C00AA36E0 /* ShoppingCart.swift */; };
		7607EA56227B4AC400AA36E0 /* ProductCatalogue.swift in Sources */ = {isa = PBXBuildFile; fileRef = 7607EA55227B4AC400AA36E0 /* ProductCatalogue.swift */; };
		7607EA5A227B4B0800AA36E0 /* FSError.swift in Sources */ = {isa = PBXBuildFile; fileRef = 7607EA59227B4B0800AA36E0 /* FSError.swift */; };
		7607EA5C227B4B2B00AA36E0 /* AppFonts.swift in Sources */ = {isa = PBXBuildFile; fileRef = 7607EA5B227B4B2B00AA36E0 /* AppFonts.swift */; };
		7607EA64227B4B8A00AA36E0 /* IntegrationTests.swift in Sources */ = {isa = PBXBuildFile; fileRef = 7607EA63227B4B8A00AA36E0 /* IntegrationTests.swift */; };
		7607EA6C227B50EF00AA36E0 /* ProductsDto.swift in Sources */ = {isa = PBXBuildFile; fileRef = 7607EA6B227B50EF00AA36E0 /* ProductsDto.swift */; };
		7607EA6E227B512800AA36E0 /* NetworkClient.swift in Sources */ = {isa = PBXBuildFile; fileRef = 7607EA6D227B512800AA36E0 /* NetworkClient.swift */; };
		7607EA70227B513900AA36E0 /* HTTPStatusCode.swift in Sources */ = {isa = PBXBuildFile; fileRef = 7607EA6F227B513900AA36E0 /* HTTPStatusCode.swift */; };
		7607EA72227B51C100AA36E0 /* ProductViewModel.swift in Sources */ = {isa = PBXBuildFile; fileRef = 7607EA71227B51C100AA36E0 /* ProductViewModel.swift */; };
		7607EA74227B533800AA36E0 /* Reactive.swift in Sources */ = {isa = PBXBuildFile; fileRef = 7607EA73227B533800AA36E0 /* Reactive.swift */; };
		7607EA76227B535E00AA36E0 /* ReusableViewProtocol.swift in Sources */ = {isa = PBXBuildFile; fileRef = 7607EA75227B535E00AA36E0 /* ReusableViewProtocol.swift */; };
		7607EA78227B584E00AA36E0 /* ProductsAPIStub.swift in Sources */ = {isa = PBXBuildFile; fileRef = 7607EA77227B584E00AA36E0 /* ProductsAPIStub.swift */; };
		7607EA7E227B5C4200AA36E0 /* ProductsSpec.swift in Sources */ = {isa = PBXBuildFile; fileRef = 7607EA7D227B5C4200AA36E0 /* ProductsSpec.swift */; };
		7607EA7F227B6AC100AA36E0 /* ProductsDtoStub.json in Resources */ = {isa = PBXBuildFile; fileRef = 7607EA7C227B592100AA36E0 /* ProductsDtoStub.json */; };
		7607EA81227B776700AA36E0 /* NetworkClientSpec.swift in Sources */ = {isa = PBXBuildFile; fileRef = 7607EA80227B776700AA36E0 /* NetworkClientSpec.swift */; };
		7607EA83227B9B4A00AA36E0 /* URLSessionMock.swift in Sources */ = {isa = PBXBuildFile; fileRef = 7607EA82227B9B4A00AA36E0 /* URLSessionMock.swift */; };
		7607EA85227B9B5400AA36E0 /* URLSessionDataTaskMock.swift in Sources */ = {isa = PBXBuildFile; fileRef = 7607EA84227B9B5400AA36E0 /* URLSessionDataTaskMock.swift */; };
		766011B72279F13000C05E3D /* AppDelegate.swift in Sources */ = {isa = PBXBuildFile; fileRef = 766011B62279F13000C05E3D /* AppDelegate.swift */; };
		766011B92279F13000C05E3D /* ViewController.swift in Sources */ = {isa = PBXBuildFile; fileRef = 766011B82279F13000C05E3D /* ViewController.swift */; };
		766011BC2279F13000C05E3D /* Main.storyboard in Resources */ = {isa = PBXBuildFile; fileRef = 766011BA2279F13000C05E3D /* Main.storyboard */; };
		766011BE2279F13200C05E3D /* Assets.xcassets in Resources */ = {isa = PBXBuildFile; fileRef = 766011BD2279F13200C05E3D /* Assets.xcassets */; };
		766011C12279F13200C05E3D /* LaunchScreen.storyboard in Resources */ = {isa = PBXBuildFile; fileRef = 766011BF2279F13200C05E3D /* LaunchScreen.storyboard */; };
		766011CC2279F13200C05E3D /* FashionShowcaseTests.swift in Sources */ = {isa = PBXBuildFile; fileRef = 766011CB2279F13200C05E3D /* FashionShowcaseTests.swift */; };
		766011D9227A402300C05E3D /* Quick.framework in Frameworks */ = {isa = PBXBuildFile; fileRef = 766011D7227A402300C05E3D /* Quick.framework */; };
		766011DA227A402300C05E3D /* Nimble.framework in Frameworks */ = {isa = PBXBuildFile; fileRef = 766011D8227A402300C05E3D /* Nimble.framework */; };
		766011DC227A403C00C05E3D /* Nimble.framework in CopyFiles */ = {isa = PBXBuildFile; fileRef = 766011D8227A402300C05E3D /* Nimble.framework */; settings = {ATTRIBUTES = (CodeSignOnCopy, RemoveHeadersOnCopy, ); }; };
		766011DD227A404100C05E3D /* Quick.framework in CopyFiles */ = {isa = PBXBuildFile; fileRef = 766011D7227A402300C05E3D /* Quick.framework */; settings = {ATTRIBUTES = (CodeSignOnCopy, RemoveHeadersOnCopy, ); }; };
		766131C0227BE56A009DDA6C /* URLSession+Protocols.swift in Sources */ = {isa = PBXBuildFile; fileRef = 766131BF227BE56A009DDA6C /* URLSession+Protocols.swift */; };
		76C9492D227CAAF6007ECA9A /* ProductsAPISpec.swift in Sources */ = {isa = PBXBuildFile; fileRef = 76C9492C227CAAF6007ECA9A /* ProductsAPISpec.swift */; };
		76C9492F227CC37F007ECA9A /* ProductsCatalogueSpec.swift in Sources */ = {isa = PBXBuildFile; fileRef = 76C9492E227CC37F007ECA9A /* ProductsCatalogueSpec.swift */; };
/* End PBXBuildFile section */

/* Begin PBXContainerItemProxy section */
		7607EA66227B4B8A00AA36E0 /* PBXContainerItemProxy */ = {
			isa = PBXContainerItemProxy;
			containerPortal = 766011AB2279F13000C05E3D /* Project object */;
			proxyType = 1;
			remoteGlobalIDString = 766011B22279F13000C05E3D;
			remoteInfo = FashionShowcase;
		};
		766011C82279F13200C05E3D /* PBXContainerItemProxy */ = {
			isa = PBXContainerItemProxy;
			containerPortal = 766011AB2279F13000C05E3D /* Project object */;
			proxyType = 1;
			remoteGlobalIDString = 766011B22279F13000C05E3D;
			remoteInfo = FashionShowcase;
		};
/* End PBXContainerItemProxy section */

/* Begin PBXCopyFilesBuildPhase section */
		766011DB227A402E00C05E3D /* CopyFiles */ = {
			isa = PBXCopyFilesBuildPhase;
			buildActionMask = 2147483647;
			dstPath = "";
			dstSubfolderSpec = 10;
			files = (
				766011DD227A404100C05E3D /* Quick.framework in CopyFiles */,
				766011DC227A403C00C05E3D /* Nimble.framework in CopyFiles */,
			);
			runOnlyForDeploymentPostprocessing = 0;
		};
/* End PBXCopyFilesBuildPhase section */

/* Begin PBXFileReference section */
		7607EA47227B49F000AA36E0 /* Product.swift */ = {isa = PBXFileReference; lastKnownFileType = sourcecode.swift; path = Product.swift; sourceTree = "<group>"; };
		7607EA49227B49FF00AA36E0 /* ProductSize.swift */ = {isa = PBXFileReference; lastKnownFileType = sourcecode.swift; path = ProductSize.swift; sourceTree = "<group>"; };
		7607EA4B227B4A0A00AA36E0 /* ProductsAPI.swift */ = {isa = PBXFileReference; lastKnownFileType = sourcecode.swift; path = ProductsAPI.swift; sourceTree = "<group>"; };
		7607EA4D227B4A2000AA36E0 /* ShowcasePresenter.swift */ = {isa = PBXFileReference; lastKnownFileType = sourcecode.swift; path = ShowcasePresenter.swift; sourceTree = "<group>"; };
		7607EA4F227B4A7300AA36E0 /* ShoppingCartPresenter.swift */ = {isa = PBXFileReference; lastKnownFileType = sourcecode.swift; path = ShoppingCartPresenter.swift; sourceTree = "<group>"; };
		7607EA51227B4A7F00AA36E0 /* ProductDetailPresenter.swift */ = {isa = PBXFileReference; lastKnownFileType = sourcecode.swift; path = ProductDetailPresenter.swift; sourceTree = "<group>"; };
		7607EA53227B4A9C00AA36E0 /* ShoppingCart.swift */ = {isa = PBXFileReference; lastKnownFileType = sourcecode.swift; path = ShoppingCart.swift; sourceTree = "<group>"; };
		7607EA55227B4AC400AA36E0 /* ProductCatalogue.swift */ = {isa = PBXFileReference; lastKnownFileType = sourcecode.swift; path = ProductCatalogue.swift; sourceTree = "<group>"; };
		7607EA59227B4B0800AA36E0 /* FSError.swift */ = {isa = PBXFileReference; lastKnownFileType = sourcecode.swift; path = FSError.swift; sourceTree = "<group>"; };
		7607EA5B227B4B2B00AA36E0 /* AppFonts.swift */ = {isa = PBXFileReference; lastKnownFileType = sourcecode.swift; path = AppFonts.swift; sourceTree = "<group>"; };
		7607EA61227B4B8A00AA36E0 /* IntegrationTests.xctest */ = {isa = PBXFileReference; explicitFileType = wrapper.cfbundle; includeInIndex = 0; path = IntegrationTests.xctest; sourceTree = BUILT_PRODUCTS_DIR; };
		7607EA63227B4B8A00AA36E0 /* IntegrationTests.swift */ = {isa = PBXFileReference; lastKnownFileType = sourcecode.swift; path = IntegrationTests.swift; sourceTree = "<group>"; };
		7607EA65227B4B8A00AA36E0 /* Info.plist */ = {isa = PBXFileReference; lastKnownFileType = text.plist.xml; path = Info.plist; sourceTree = "<group>"; };
		7607EA6B227B50EF00AA36E0 /* ProductsDto.swift */ = {isa = PBXFileReference; lastKnownFileType = sourcecode.swift; path = ProductsDto.swift; sourceTree = "<group>"; };
		7607EA6D227B512800AA36E0 /* NetworkClient.swift */ = {isa = PBXFileReference; lastKnownFileType = sourcecode.swift; path = NetworkClient.swift; sourceTree = "<group>"; };
		7607EA6F227B513900AA36E0 /* HTTPStatusCode.swift */ = {isa = PBXFileReference; lastKnownFileType = sourcecode.swift; path = HTTPStatusCode.swift; sourceTree = "<group>"; };
		7607EA71227B51C100AA36E0 /* ProductViewModel.swift */ = {isa = PBXFileReference; lastKnownFileType = sourcecode.swift; path = ProductViewModel.swift; sourceTree = "<group>"; };
		7607EA73227B533800AA36E0 /* Reactive.swift */ = {isa = PBXFileReference; lastKnownFileType = sourcecode.swift; path = Reactive.swift; sourceTree = "<group>"; };
		7607EA75227B535E00AA36E0 /* ReusableViewProtocol.swift */ = {isa = PBXFileReference; lastKnownFileType = sourcecode.swift; path = ReusableViewProtocol.swift; sourceTree = "<group>"; };
		7607EA77227B584E00AA36E0 /* ProductsAPIStub.swift */ = {isa = PBXFileReference; lastKnownFileType = sourcecode.swift; path = ProductsAPIStub.swift; sourceTree = "<group>"; };
		7607EA7C227B592100AA36E0 /* ProductsDtoStub.json */ = {isa = PBXFileReference; lastKnownFileType = text.json; path = ProductsDtoStub.json; sourceTree = "<group>"; };
		7607EA7D227B5C4200AA36E0 /* ProductsSpec.swift */ = {isa = PBXFileReference; lastKnownFileType = sourcecode.swift; path = ProductsSpec.swift; sourceTree = "<group>"; };
		7607EA80227B776700AA36E0 /* NetworkClientSpec.swift */ = {isa = PBXFileReference; lastKnownFileType = sourcecode.swift; path = NetworkClientSpec.swift; sourceTree = "<group>"; };
		7607EA82227B9B4A00AA36E0 /* URLSessionMock.swift */ = {isa = PBXFileReference; lastKnownFileType = sourcecode.swift; path = URLSessionMock.swift; sourceTree = "<group>"; };
		7607EA84227B9B5400AA36E0 /* URLSessionDataTaskMock.swift */ = {isa = PBXFileReference; lastKnownFileType = sourcecode.swift; path = URLSessionDataTaskMock.swift; sourceTree = "<group>"; };
		766011B32279F13000C05E3D /* FashionShowcase.app */ = {isa = PBXFileReference; explicitFileType = wrapper.application; includeInIndex = 0; path = FashionShowcase.app; sourceTree = BUILT_PRODUCTS_DIR; };
		766011B62279F13000C05E3D /* AppDelegate.swift */ = {isa = PBXFileReference; lastKnownFileType = sourcecode.swift; path = AppDelegate.swift; sourceTree = "<group>"; };
		766011B82279F13000C05E3D /* ViewController.swift */ = {isa = PBXFileReference; lastKnownFileType = sourcecode.swift; path = ViewController.swift; sourceTree = "<group>"; };
		766011BB2279F13000C05E3D /* Base */ = {isa = PBXFileReference; lastKnownFileType = file.storyboard; name = Base; path = Base.lproj/Main.storyboard; sourceTree = "<group>"; };
		766011BD2279F13200C05E3D /* Assets.xcassets */ = {isa = PBXFileReference; lastKnownFileType = folder.assetcatalog; path = Assets.xcassets; sourceTree = "<group>"; };
		766011C02279F13200C05E3D /* Base */ = {isa = PBXFileReference; lastKnownFileType = file.storyboard; name = Base; path = Base.lproj/LaunchScreen.storyboard; sourceTree = "<group>"; };
		766011C22279F13200C05E3D /* Info.plist */ = {isa = PBXFileReference; lastKnownFileType = text.plist.xml; path = Info.plist; sourceTree = "<group>"; };
		766011C72279F13200C05E3D /* FashionShowcaseTests.xctest */ = {isa = PBXFileReference; explicitFileType = wrapper.cfbundle; includeInIndex = 0; path = FashionShowcaseTests.xctest; sourceTree = BUILT_PRODUCTS_DIR; };
		766011CB2279F13200C05E3D /* FashionShowcaseTests.swift */ = {isa = PBXFileReference; lastKnownFileType = sourcecode.swift; path = FashionShowcaseTests.swift; sourceTree = "<group>"; };
		766011CD2279F13200C05E3D /* Info.plist */ = {isa = PBXFileReference; lastKnownFileType = text.plist.xml; path = Info.plist; sourceTree = "<group>"; };
		766011D7227A402300C05E3D /* Quick.framework */ = {isa = PBXFileReference; lastKnownFileType = wrapper.framework; name = Quick.framework; path = Carthage/Build/iOS/Quick.framework; sourceTree = "<group>"; };
		766011D8227A402300C05E3D /* Nimble.framework */ = {isa = PBXFileReference; lastKnownFileType = wrapper.framework; name = Nimble.framework; path = Carthage/Build/iOS/Nimble.framework; sourceTree = "<group>"; };
		766131BF227BE56A009DDA6C /* URLSession+Protocols.swift */ = {isa = PBXFileReference; lastKnownFileType = sourcecode.swift; path = "URLSession+Protocols.swift"; sourceTree = "<group>"; };
		76C9492C227CAAF6007ECA9A /* ProductsAPISpec.swift */ = {isa = PBXFileReference; lastKnownFileType = sourcecode.swift; path = ProductsAPISpec.swift; sourceTree = "<group>"; };
		76C9492E227CC37F007ECA9A /* ProductsCatalogueSpec.swift */ = {isa = PBXFileReference; lastKnownFileType = sourcecode.swift; path = ProductsCatalogueSpec.swift; sourceTree = "<group>"; };
/* End PBXFileReference section */

/* Begin PBXFrameworksBuildPhase section */
		7607EA5E227B4B8A00AA36E0 /* Frameworks */ = {
			isa = PBXFrameworksBuildPhase;
			buildActionMask = 2147483647;
			files = (
			);
			runOnlyForDeploymentPostprocessing = 0;
		};
		766011B02279F13000C05E3D /* Frameworks */ = {
			isa = PBXFrameworksBuildPhase;
			buildActionMask = 2147483647;
			files = (
			);
			runOnlyForDeploymentPostprocessing = 0;
		};
		766011C42279F13200C05E3D /* Frameworks */ = {
			isa = PBXFrameworksBuildPhase;
			buildActionMask = 2147483647;
			files = (
				766011D9227A402300C05E3D /* Quick.framework in Frameworks */,
				766011DA227A402300C05E3D /* Nimble.framework in Frameworks */,
			);
			runOnlyForDeploymentPostprocessing = 0;
		};
/* End PBXFrameworksBuildPhase section */

/* Begin PBXGroup section */
		7607EA42227B498800AA36E0 /* Presentation */ = {
			isa = PBXGroup;
			children = (
				7607EA4D227B4A2000AA36E0 /* ShowcasePresenter.swift */,
				7607EA51227B4A7F00AA36E0 /* ProductDetailPresenter.swift */,
				7607EA4F227B4A7300AA36E0 /* ShoppingCartPresenter.swift */,
				7607EA71227B51C100AA36E0 /* ProductViewModel.swift */,
			);
			path = Presentation;
			sourceTree = "<group>";
		};
		7607EA43227B499F00AA36E0 /* Domain */ = {
			isa = PBXGroup;
			children = (
				7607EA53227B4A9C00AA36E0 /* ShoppingCart.swift */,
				7607EA55227B4AC400AA36E0 /* ProductCatalogue.swift */,
				7607EA4B227B4A0A00AA36E0 /* ProductsAPI.swift */,
				7607EA59227B4B0800AA36E0 /* FSError.swift */,
				7607EA44227B49A400AA36E0 /* Models */,
			);
			path = Domain;
			sourceTree = "<group>";
		};
		7607EA44227B49A400AA36E0 /* Models */ = {
			isa = PBXGroup;
			children = (
				7607EA6B227B50EF00AA36E0 /* ProductsDto.swift */,
				7607EA47227B49F000AA36E0 /* Product.swift */,
				7607EA49227B49FF00AA36E0 /* ProductSize.swift */,
			);
			path = Models;
			sourceTree = "<group>";
		};
		7607EA45227B49B500AA36E0 /* Network */ = {
			isa = PBXGroup;
			children = (
				7607EA6D227B512800AA36E0 /* NetworkClient.swift */,
				7607EA6F227B513900AA36E0 /* HTTPStatusCode.swift */,
				766131BF227BE56A009DDA6C /* URLSession+Protocols.swift */,
			);
			path = Network;
			sourceTree = "<group>";
		};
		7607EA46227B49C100AA36E0 /* Utilities */ = {
			isa = PBXGroup;
			children = (
				7607EA73227B533800AA36E0 /* Reactive.swift */,
				7607EA75227B535E00AA36E0 /* ReusableViewProtocol.swift */,
			);
			path = Utilities;
			sourceTree = "<group>";
		};
		7607EA62227B4B8A00AA36E0 /* IntegrationTests */ = {
			isa = PBXGroup;
			children = (
				7607EA63227B4B8A00AA36E0 /* IntegrationTests.swift */,
				7607EA65227B4B8A00AA36E0 /* Info.plist */,
			);
			path = IntegrationTests;
			sourceTree = "<group>";
		};
		7607EA7B227B591600AA36E0 /* Stubs */ = {
			isa = PBXGroup;
			children = (
				7607EA77227B584E00AA36E0 /* ProductsAPIStub.swift */,
				7607EA7C227B592100AA36E0 /* ProductsDtoStub.json */,
			);
			path = Stubs;
			sourceTree = "<group>";
		};
		7607EA86227B9B5900AA36E0 /* Mock */ = {
			isa = PBXGroup;
			children = (
				7607EA82227B9B4A00AA36E0 /* URLSessionMock.swift */,
				7607EA84227B9B5400AA36E0 /* URLSessionDataTaskMock.swift */,
			);
			path = Mock;
			sourceTree = "<group>";
		};
		766011AA2279F13000C05E3D = {
			isa = PBXGroup;
			children = (
				766011B52279F13000C05E3D /* FashionShowcase */,
				766011CA2279F13200C05E3D /* FashionShowcaseTests */,
				7607EA62227B4B8A00AA36E0 /* IntegrationTests */,
				766011B42279F13000C05E3D /* Products */,
				766011D6227A402200C05E3D /* Frameworks */,
			);
			sourceTree = "<group>";
		};
		766011B42279F13000C05E3D /* Products */ = {
			isa = PBXGroup;
			children = (
				766011B32279F13000C05E3D /* FashionShowcase.app */,
				766011C72279F13200C05E3D /* FashionShowcaseTests.xctest */,
				7607EA61227B4B8A00AA36E0 /* IntegrationTests.xctest */,
			);
			name = Products;
			sourceTree = "<group>";
		};
		766011B52279F13000C05E3D /* FashionShowcase */ = {
			isa = PBXGroup;
			children = (
				766011B62279F13000C05E3D /* AppDelegate.swift */,
				7607EA5B227B4B2B00AA36E0 /* AppFonts.swift */,
				766011B82279F13000C05E3D /* ViewController.swift */,
				7607EA42227B498800AA36E0 /* Presentation */,
				7607EA43227B499F00AA36E0 /* Domain */,
				7607EA45227B49B500AA36E0 /* Network */,
				7607EA46227B49C100AA36E0 /* Utilities */,
				766011BA2279F13000C05E3D /* Main.storyboard */,
				766011BD2279F13200C05E3D /* Assets.xcassets */,
				766011BF2279F13200C05E3D /* LaunchScreen.storyboard */,
				766011C22279F13200C05E3D /* Info.plist */,
			);
			path = FashionShowcase;
			sourceTree = "<group>";
		};
		766011CA2279F13200C05E3D /* FashionShowcaseTests */ = {
			isa = PBXGroup;
			children = (
				766011CB2279F13200C05E3D /* FashionShowcaseTests.swift */,
				7607EA7D227B5C4200AA36E0 /* ProductsSpec.swift */,
				76C9492E227CC37F007ECA9A /* ProductsCatalogueSpec.swift */,
				76C9492C227CAAF6007ECA9A /* ProductsAPISpec.swift */,
				7607EA80227B776700AA36E0 /* NetworkClientSpec.swift */,
				7607EA86227B9B5900AA36E0 /* Mock */,
				7607EA7B227B591600AA36E0 /* Stubs */,
				766011CD2279F13200C05E3D /* Info.plist */,
			);
			path = FashionShowcaseTests;
			sourceTree = "<group>";
		};
		766011D6227A402200C05E3D /* Frameworks */ = {
			isa = PBXGroup;
			children = (
				766011D8227A402300C05E3D /* Nimble.framework */,
				766011D7227A402300C05E3D /* Quick.framework */,
			);
			name = Frameworks;
			sourceTree = "<group>";
		};
/* End PBXGroup section */

/* Begin PBXNativeTarget section */
		7607EA60227B4B8A00AA36E0 /* IntegrationTests */ = {
			isa = PBXNativeTarget;
			buildConfigurationList = 7607EA68227B4B8A00AA36E0 /* Build configuration list for PBXNativeTarget "IntegrationTests" */;
			buildPhases = (
				7607EA5D227B4B8A00AA36E0 /* Sources */,
				7607EA5E227B4B8A00AA36E0 /* Frameworks */,
				7607EA5F227B4B8A00AA36E0 /* Resources */,
			);
			buildRules = (
			);
			dependencies = (
				7607EA67227B4B8A00AA36E0 /* PBXTargetDependency */,
			);
			name = IntegrationTests;
			productName = IntegrationTests;
			productReference = 7607EA61227B4B8A00AA36E0 /* IntegrationTests.xctest */;
			productType = "com.apple.product-type.bundle.unit-test";
		};
		766011B22279F13000C05E3D /* FashionShowcase */ = {
			isa = PBXNativeTarget;
			buildConfigurationList = 766011D02279F13200C05E3D /* Build configuration list for PBXNativeTarget "FashionShowcase" */;
			buildPhases = (
				766011AF2279F13000C05E3D /* Sources */,
				766011B02279F13000C05E3D /* Frameworks */,
				766011B12279F13000C05E3D /* Resources */,
			);
			buildRules = (
			);
			dependencies = (
			);
			name = FashionShowcase;
			productName = FashionShowcase;
			productReference = 766011B32279F13000C05E3D /* FashionShowcase.app */;
			productType = "com.apple.product-type.application";
		};
		766011C62279F13200C05E3D /* FashionShowcaseTests */ = {
			isa = PBXNativeTarget;
			buildConfigurationList = 766011D32279F13200C05E3D /* Build configuration list for PBXNativeTarget "FashionShowcaseTests" */;
			buildPhases = (
				766011C32279F13200C05E3D /* Sources */,
				766011C42279F13200C05E3D /* Frameworks */,
				766011C52279F13200C05E3D /* Resources */,
				766011DB227A402E00C05E3D /* CopyFiles */,
			);
			buildRules = (
			);
			dependencies = (
				766011C92279F13200C05E3D /* PBXTargetDependency */,
			);
			name = FashionShowcaseTests;
			productName = FashionShowcaseTests;
			productReference = 766011C72279F13200C05E3D /* FashionShowcaseTests.xctest */;
			productType = "com.apple.product-type.bundle.unit-test";
		};
/* End PBXNativeTarget section */

/* Begin PBXProject section */
		766011AB2279F13000C05E3D /* Project object */ = {
			isa = PBXProject;
			attributes = {
				LastSwiftUpdateCheck = 1020;
				LastUpgradeCheck = 1020;
				ORGANIZATIONNAME = Tinkerskull;
				TargetAttributes = {
					7607EA60227B4B8A00AA36E0 = {
						CreatedOnToolsVersion = 10.2;
						TestTargetID = 766011B22279F13000C05E3D;
					};
					766011B22279F13000C05E3D = {
						CreatedOnToolsVersion = 10.2;
					};
					766011C62279F13200C05E3D = {
						CreatedOnToolsVersion = 10.2;
						TestTargetID = 766011B22279F13000C05E3D;
					};
				};
			};
			buildConfigurationList = 766011AE2279F13000C05E3D /* Build configuration list for PBXProject "FashionShowcase" */;
			compatibilityVersion = "Xcode 9.3";
			developmentRegion = en;
			hasScannedForEncodings = 0;
			knownRegions = (
				en,
				Base,
			);
			mainGroup = 766011AA2279F13000C05E3D;
			productRefGroup = 766011B42279F13000C05E3D /* Products */;
			projectDirPath = "";
			projectRoot = "";
			targets = (
				766011B22279F13000C05E3D /* FashionShowcase */,
				766011C62279F13200C05E3D /* FashionShowcaseTests */,
				7607EA60227B4B8A00AA36E0 /* IntegrationTests */,
			);
		};
/* End PBXProject section */

/* Begin PBXResourcesBuildPhase section */
		7607EA5F227B4B8A00AA36E0 /* Resources */ = {
			isa = PBXResourcesBuildPhase;
			buildActionMask = 2147483647;
			files = (
			);
			runOnlyForDeploymentPostprocessing = 0;
		};
		766011B12279F13000C05E3D /* Resources */ = {
			isa = PBXResourcesBuildPhase;
			buildActionMask = 2147483647;
			files = (
				766011C12279F13200C05E3D /* LaunchScreen.storyboard in Resources */,
				766011BE2279F13200C05E3D /* Assets.xcassets in Resources */,
				766011BC2279F13000C05E3D /* Main.storyboard in Resources */,
			);
			runOnlyForDeploymentPostprocessing = 0;
		};
		766011C52279F13200C05E3D /* Resources */ = {
			isa = PBXResourcesBuildPhase;
			buildActionMask = 2147483647;
			files = (
				7607EA7F227B6AC100AA36E0 /* ProductsDtoStub.json in Resources */,
			);
			runOnlyForDeploymentPostprocessing = 0;
		};
/* End PBXResourcesBuildPhase section */

/* Begin PBXSourcesBuildPhase section */
		7607EA5D227B4B8A00AA36E0 /* Sources */ = {
			isa = PBXSourcesBuildPhase;
			buildActionMask = 2147483647;
			files = (
				7607EA64227B4B8A00AA36E0 /* IntegrationTests.swift in Sources */,
			);
			runOnlyForDeploymentPostprocessing = 0;
		};
		766011AF2279F13000C05E3D /* Sources */ = {
			isa = PBXSourcesBuildPhase;
			buildActionMask = 2147483647;
			files = (
				766131C0227BE56A009DDA6C /* URLSession+Protocols.swift in Sources */,
				7607EA76227B535E00AA36E0 /* ReusableViewProtocol.swift in Sources */,
				7607EA72227B51C100AA36E0 /* ProductViewModel.swift in Sources */,
				7607EA4A227B49FF00AA36E0 /* ProductSize.swift in Sources */,
				7607EA4E227B4A2000AA36E0 /* ShowcasePresenter.swift in Sources */,
				7607EA48227B49F000AA36E0 /* Product.swift in Sources */,
				7607EA5A227B4B0800AA36E0 /* FSError.swift in Sources */,
				7607EA52227B4A7F00AA36E0 /* ProductDetailPresenter.swift in Sources */,
				7607EA74227B533800AA36E0 /* Reactive.swift in Sources */,
				7607EA6C227B50EF00AA36E0 /* ProductsDto.swift in Sources */,
				7607EA4C227B4A0A00AA36E0 /* ProductsAPI.swift in Sources */,
				766011B92279F13000C05E3D /* ViewController.swift in Sources */,
				766011B72279F13000C05E3D /* AppDelegate.swift in Sources */,
				7607EA56227B4AC400AA36E0 /* ProductCatalogue.swift in Sources */,
				7607EA5C227B4B2B00AA36E0 /* AppFonts.swift in Sources */,
				7607EA6E227B512800AA36E0 /* NetworkClient.swift in Sources */,
				7607EA54227B4A9C00AA36E0 /* ShoppingCart.swift in Sources */,
				7607EA50227B4A7300AA36E0 /* ShoppingCartPresenter.swift in Sources */,
				7607EA70227B513900AA36E0 /* HTTPStatusCode.swift in Sources */,
			);
			runOnlyForDeploymentPostprocessing = 0;
		};
		766011C32279F13200C05E3D /* Sources */ = {
			isa = PBXSourcesBuildPhase;
			buildActionMask = 2147483647;
			files = (
				76C9492D227CAAF6007ECA9A /* ProductsAPISpec.swift in Sources */,
				7607EA83227B9B4A00AA36E0 /* URLSessionMock.swift in Sources */,
				76C9492F227CC37F007ECA9A /* ProductsCatalogueSpec.swift in Sources */,
				766011CC2279F13200C05E3D /* FashionShowcaseTests.swift in Sources */,
				7607EA78227B584E00AA36E0 /* ProductsAPIStub.swift in Sources */,
				7607EA81227B776700AA36E0 /* NetworkClientSpec.swift in Sources */,
				7607EA7E227B5C4200AA36E0 /* ProductsSpec.swift in Sources */,
				7607EA85227B9B5400AA36E0 /* URLSessionDataTaskMock.swift in Sources */,
			);
			runOnlyForDeploymentPostprocessing = 0;
		};
/* End PBXSourcesBuildPhase section */

/* Begin PBXTargetDependency section */
		7607EA67227B4B8A00AA36E0 /* PBXTargetDependency */ = {
			isa = PBXTargetDependency;
			target = 766011B22279F13000C05E3D /* FashionShowcase */;
			targetProxy = 7607EA66227B4B8A00AA36E0 /* PBXContainerItemProxy */;
		};
		766011C92279F13200C05E3D /* PBXTargetDependency */ = {
			isa = PBXTargetDependency;
			target = 766011B22279F13000C05E3D /* FashionShowcase */;
			targetProxy = 766011C82279F13200C05E3D /* PBXContainerItemProxy */;
		};
/* End PBXTargetDependency section */

/* Begin PBXVariantGroup section */
		766011BA2279F13000C05E3D /* Main.storyboard */ = {
			isa = PBXVariantGroup;
			children = (
				766011BB2279F13000C05E3D /* Base */,
			);
			name = Main.storyboard;
			sourceTree = "<group>";
		};
		766011BF2279F13200C05E3D /* LaunchScreen.storyboard */ = {
			isa = PBXVariantGroup;
			children = (
				766011C02279F13200C05E3D /* Base */,
			);
			name = LaunchScreen.storyboard;
			sourceTree = "<group>";
		};
/* End PBXVariantGroup section */

/* Begin XCBuildConfiguration section */
		7607EA69227B4B8A00AA36E0 /* Debug */ = {
			isa = XCBuildConfiguration;
			buildSettings = {
				BUNDLE_LOADER = "$(TEST_HOST)";
				CODE_SIGN_STYLE = Automatic;
				DEVELOPMENT_TEAM = FXR83DW32N;
				INFOPLIST_FILE = IntegrationTests/Info.plist;
				LD_RUNPATH_SEARCH_PATHS = (
					"$(inherited)",
					"@executable_path/Frameworks",
					"@loader_path/Frameworks",
				);
				PRODUCT_BUNDLE_IDENTIFIER = com.tinkerskull.IntegrationTests;
				PRODUCT_NAME = "$(TARGET_NAME)";
				SWIFT_VERSION = 5.0;
				TARGETED_DEVICE_FAMILY = "1,2";
				TEST_HOST = "$(BUILT_PRODUCTS_DIR)/FashionShowcase.app/FashionShowcase";
			};
			name = Debug;
		};
		7607EA6A227B4B8A00AA36E0 /* Release */ = {
			isa = XCBuildConfiguration;
			buildSettings = {
				BUNDLE_LOADER = "$(TEST_HOST)";
				CODE_SIGN_STYLE = Automatic;
				DEVELOPMENT_TEAM = FXR83DW32N;
				INFOPLIST_FILE = IntegrationTests/Info.plist;
				LD_RUNPATH_SEARCH_PATHS = (
					"$(inherited)",
					"@executable_path/Frameworks",
					"@loader_path/Frameworks",
				);
				PRODUCT_BUNDLE_IDENTIFIER = com.tinkerskull.IntegrationTests;
				PRODUCT_NAME = "$(TARGET_NAME)";
				SWIFT_VERSION = 5.0;
				TARGETED_DEVICE_FAMILY = "1,2";
				TEST_HOST = "$(BUILT_PRODUCTS_DIR)/FashionShowcase.app/FashionShowcase";
			};
			name = Release;
		};
		766011CE2279F13200C05E3D /* Debug */ = {
			isa = XCBuildConfiguration;
			buildSettings = {
				ALWAYS_SEARCH_USER_PATHS = NO;
				CLANG_ANALYZER_NONNULL = YES;
				CLANG_ANALYZER_NUMBER_OBJECT_CONVERSION = YES_AGGRESSIVE;
				CLANG_CXX_LANGUAGE_STANDARD = "gnu++14";
				CLANG_CXX_LIBRARY = "libc++";
				CLANG_ENABLE_MODULES = YES;
				CLANG_ENABLE_OBJC_ARC = YES;
				CLANG_ENABLE_OBJC_WEAK = YES;
				CLANG_WARN_BLOCK_CAPTURE_AUTORELEASING = YES;
				CLANG_WARN_BOOL_CONVERSION = YES;
				CLANG_WARN_COMMA = YES;
				CLANG_WARN_CONSTANT_CONVERSION = YES;
				CLANG_WARN_DEPRECATED_OBJC_IMPLEMENTATIONS = YES;
				CLANG_WARN_DIRECT_OBJC_ISA_USAGE = YES_ERROR;
				CLANG_WARN_DOCUMENTATION_COMMENTS = YES;
				CLANG_WARN_EMPTY_BODY = YES;
				CLANG_WARN_ENUM_CONVERSION = YES;
				CLANG_WARN_INFINITE_RECURSION = YES;
				CLANG_WARN_INT_CONVERSION = YES;
				CLANG_WARN_NON_LITERAL_NULL_CONVERSION = YES;
				CLANG_WARN_OBJC_IMPLICIT_RETAIN_SELF = YES;
				CLANG_WARN_OBJC_LITERAL_CONVERSION = YES;
				CLANG_WARN_OBJC_ROOT_CLASS = YES_ERROR;
				CLANG_WARN_RANGE_LOOP_ANALYSIS = YES;
				CLANG_WARN_STRICT_PROTOTYPES = YES;
				CLANG_WARN_SUSPICIOUS_MOVE = YES;
				CLANG_WARN_UNGUARDED_AVAILABILITY = YES_AGGRESSIVE;
				CLANG_WARN_UNREACHABLE_CODE = YES;
				CLANG_WARN__DUPLICATE_METHOD_MATCH = YES;
				CODE_SIGN_IDENTITY = "iPhone Developer";
				COPY_PHASE_STRIP = NO;
				DEBUG_INFORMATION_FORMAT = dwarf;
				ENABLE_STRICT_OBJC_MSGSEND = YES;
				ENABLE_TESTABILITY = YES;
				GCC_C_LANGUAGE_STANDARD = gnu11;
				GCC_DYNAMIC_NO_PIC = NO;
				GCC_NO_COMMON_BLOCKS = YES;
				GCC_OPTIMIZATION_LEVEL = 0;
				GCC_PREPROCESSOR_DEFINITIONS = (
					"DEBUG=1",
					"$(inherited)",
				);
				GCC_WARN_64_TO_32_BIT_CONVERSION = YES;
				GCC_WARN_ABOUT_RETURN_TYPE = YES_ERROR;
				GCC_WARN_UNDECLARED_SELECTOR = YES;
				GCC_WARN_UNINITIALIZED_AUTOS = YES_AGGRESSIVE;
				GCC_WARN_UNUSED_FUNCTION = YES;
				GCC_WARN_UNUSED_VARIABLE = YES;
				IPHONEOS_DEPLOYMENT_TARGET = 12.2;
				MTL_ENABLE_DEBUG_INFO = INCLUDE_SOURCE;
				MTL_FAST_MATH = YES;
				ONLY_ACTIVE_ARCH = YES;
				SDKROOT = iphoneos;
				SWIFT_ACTIVE_COMPILATION_CONDITIONS = DEBUG;
				SWIFT_OPTIMIZATION_LEVEL = "-Onone";
			};
			name = Debug;
		};
		766011CF2279F13200C05E3D /* Release */ = {
			isa = XCBuildConfiguration;
			buildSettings = {
				ALWAYS_SEARCH_USER_PATHS = NO;
				CLANG_ANALYZER_NONNULL = YES;
				CLANG_ANALYZER_NUMBER_OBJECT_CONVERSION = YES_AGGRESSIVE;
				CLANG_CXX_LANGUAGE_STANDARD = "gnu++14";
				CLANG_CXX_LIBRARY = "libc++";
				CLANG_ENABLE_MODULES = YES;
				CLANG_ENABLE_OBJC_ARC = YES;
				CLANG_ENABLE_OBJC_WEAK = YES;
				CLANG_WARN_BLOCK_CAPTURE_AUTORELEASING = YES;
				CLANG_WARN_BOOL_CONVERSION = YES;
				CLANG_WARN_COMMA = YES;
				CLANG_WARN_CONSTANT_CONVERSION = YES;
				CLANG_WARN_DEPRECATED_OBJC_IMPLEMENTATIONS = YES;
				CLANG_WARN_DIRECT_OBJC_ISA_USAGE = YES_ERROR;
				CLANG_WARN_DOCUMENTATION_COMMENTS = YES;
				CLANG_WARN_EMPTY_BODY = YES;
				CLANG_WARN_ENUM_CONVERSION = YES;
				CLANG_WARN_INFINITE_RECURSION = YES;
				CLANG_WARN_INT_CONVERSION = YES;
				CLANG_WARN_NON_LITERAL_NULL_CONVERSION = YES;
				CLANG_WARN_OBJC_IMPLICIT_RETAIN_SELF = YES;
				CLANG_WARN_OBJC_LITERAL_CONVERSION = YES;
				CLANG_WARN_OBJC_ROOT_CLASS = YES_ERROR;
				CLANG_WARN_RANGE_LOOP_ANALYSIS = YES;
				CLANG_WARN_STRICT_PROTOTYPES = YES;
				CLANG_WARN_SUSPICIOUS_MOVE = YES;
				CLANG_WARN_UNGUARDED_AVAILABILITY = YES_AGGRESSIVE;
				CLANG_WARN_UNREACHABLE_CODE = YES;
				CLANG_WARN__DUPLICATE_METHOD_MATCH = YES;
				CODE_SIGN_IDENTITY = "iPhone Developer";
				COPY_PHASE_STRIP = NO;
				DEBUG_INFORMATION_FORMAT = "dwarf-with-dsym";
				ENABLE_NS_ASSERTIONS = NO;
				ENABLE_STRICT_OBJC_MSGSEND = YES;
				GCC_C_LANGUAGE_STANDARD = gnu11;
				GCC_NO_COMMON_BLOCKS = YES;
				GCC_WARN_64_TO_32_BIT_CONVERSION = YES;
				GCC_WARN_ABOUT_RETURN_TYPE = YES_ERROR;
				GCC_WARN_UNDECLARED_SELECTOR = YES;
				GCC_WARN_UNINITIALIZED_AUTOS = YES_AGGRESSIVE;
				GCC_WARN_UNUSED_FUNCTION = YES;
				GCC_WARN_UNUSED_VARIABLE = YES;
				IPHONEOS_DEPLOYMENT_TARGET = 12.2;
				MTL_ENABLE_DEBUG_INFO = NO;
				MTL_FAST_MATH = YES;
				SDKROOT = iphoneos;
				SWIFT_COMPILATION_MODE = wholemodule;
				SWIFT_OPTIMIZATION_LEVEL = "-O";
				VALIDATE_PRODUCT = YES;
			};
			name = Release;
		};
		766011D12279F13200C05E3D /* Debug */ = {
			isa = XCBuildConfiguration;
			buildSettings = {
				ASSETCATALOG_COMPILER_APPICON_NAME = AppIcon;
				CODE_SIGN_STYLE = Automatic;
				DEVELOPMENT_TEAM = FXR83DW32N;
				INFOPLIST_FILE = FashionShowcase/Info.plist;
				IPHONEOS_DEPLOYMENT_TARGET = 12.0;
				LD_RUNPATH_SEARCH_PATHS = (
					"$(inherited)",
					"@executable_path/Frameworks",
				);
				PRODUCT_BUNDLE_IDENTIFIER = com.tinkerskull.fashionshowcase;
				PRODUCT_NAME = "$(TARGET_NAME)";
				SWIFT_VERSION = 5.0;
				TARGETED_DEVICE_FAMILY = 1;
			};
			name = Debug;
		};
		766011D22279F13200C05E3D /* Release */ = {
			isa = XCBuildConfiguration;
			buildSettings = {
				ASSETCATALOG_COMPILER_APPICON_NAME = AppIcon;
				CODE_SIGN_STYLE = Automatic;
				DEVELOPMENT_TEAM = FXR83DW32N;
				INFOPLIST_FILE = FashionShowcase/Info.plist;
				IPHONEOS_DEPLOYMENT_TARGET = 12.0;
				LD_RUNPATH_SEARCH_PATHS = (
					"$(inherited)",
					"@executable_path/Frameworks",
				);
				PRODUCT_BUNDLE_IDENTIFIER = com.tinkerskull.fashionshowcase;
				PRODUCT_NAME = "$(TARGET_NAME)";
				SWIFT_VERSION = 5.0;
				TARGETED_DEVICE_FAMILY = 1;
			};
			name = Release;
		};
		766011D42279F13200C05E3D /* Debug */ = {
			isa = XCBuildConfiguration;
			buildSettings = {
				ALWAYS_EMBED_SWIFT_STANDARD_LIBRARIES = YES;
				BUNDLE_LOADER = "$(TEST_HOST)";
				CODE_SIGN_STYLE = Automatic;
				DEVELOPMENT_TEAM = FXR83DW32N;
				FRAMEWORK_SEARCH_PATHS = (
					"$(inherited)",
					"$(PROJECT_DIR)/Carthage/Build/iOS",
				);
				INFOPLIST_FILE = FashionShowcaseTests/Info.plist;
				LD_RUNPATH_SEARCH_PATHS = (
					"$(inherited)",
					"@executable_path/Frameworks",
					"@loader_path/Frameworks",
				);
				PRODUCT_BUNDLE_IDENTIFIER = com.tinkerskull.FashionShowcaseTests;
				PRODUCT_NAME = "$(TARGET_NAME)";
				SWIFT_VERSION = 5.0;
				TARGETED_DEVICE_FAMILY = "1,2";
				TEST_HOST = "$(BUILT_PRODUCTS_DIR)/FashionShowcase.app/FashionShowcase";
			};
			name = Debug;
		};
		766011D52279F13200C05E3D /* Release */ = {
			isa = XCBuildConfiguration;
			buildSettings = {
				ALWAYS_EMBED_SWIFT_STANDARD_LIBRARIES = YES;
				BUNDLE_LOADER = "$(TEST_HOST)";
				CODE_SIGN_STYLE = Automatic;
				DEVELOPMENT_TEAM = FXR83DW32N;
				FRAMEWORK_SEARCH_PATHS = (
					"$(inherited)",
					"$(PROJECT_DIR)/Carthage/Build/iOS",
				);
				INFOPLIST_FILE = FashionShowcaseTests/Info.plist;
				LD_RUNPATH_SEARCH_PATHS = (
					"$(inherited)",
					"@executable_path/Frameworks",
					"@loader_path/Frameworks",
				);
				PRODUCT_BUNDLE_IDENTIFIER = com.tinkerskull.FashionShowcaseTests;
				PRODUCT_NAME = "$(TARGET_NAME)";
				SWIFT_VERSION = 5.0;
				TARGETED_DEVICE_FAMILY = "1,2";
				TEST_HOST = "$(BUILT_PRODUCTS_DIR)/FashionShowcase.app/FashionShowcase";
			};
			name = Release;
		};
/* End XCBuildConfiguration section */

/* Begin XCConfigurationList section */
		7607EA68227B4B8A00AA36E0 /* Build configuration list for PBXNativeTarget "IntegrationTests" */ = {
			isa = XCConfigurationList;
			buildConfigurations = (
				7607EA69227B4B8A00AA36E0 /* Debug */,
				7607EA6A227B4B8A00AA36E0 /* Release */,
			);
			defaultConfigurationIsVisible = 0;
			defaultConfigurationName = Release;
		};
		766011AE2279F13000C05E3D /* Build configuration list for PBXProject "FashionShowcase" */ = {
			isa = XCConfigurationList;
			buildConfigurations = (
				766011CE2279F13200C05E3D /* Debug */,
				766011CF2279F13200C05E3D /* Release */,
			);
			defaultConfigurationIsVisible = 0;
			defaultConfigurationName = Release;
		};
		766011D02279F13200C05E3D /* Build configuration list for PBXNativeTarget "FashionShowcase" */ = {
			isa = XCConfigurationList;
			buildConfigurations = (
				766011D12279F13200C05E3D /* Debug */,
				766011D22279F13200C05E3D /* Release */,
			);
			defaultConfigurationIsVisible = 0;
			defaultConfigurationName = Release;
		};
		766011D32279F13200C05E3D /* Build configuration list for PBXNativeTarget "FashionShowcaseTests" */ = {
			isa = XCConfigurationList;
			buildConfigurations = (
				766011D42279F13200C05E3D /* Debug */,
				766011D52279F13200C05E3D /* Release */,
			);
			defaultConfigurationIsVisible = 0;
			defaultConfigurationName = Release;
		};
/* End XCConfigurationList section */
	};
	rootObject = 766011AB2279F13000C05E3D /* Project object */;
}
